
Microsoft Visual Studio Solution File, Format Version 12.00
# Visual Studio Version 16
VisualStudioVersion = 16.0.29025.244
MinimumVisualStudioVersion = 10.0.40219.1
Project("{FAE04EC0-301F-11D3-BF4B-00C04F79EFBC}") = "FinancialPortalAPI", "FinancialPortalAPI\FinancialPortalAPI.csproj", "{742C4D74-0684-4E98-9B90-29FFA316B5CD}"
EndProject
Global
	GlobalSection(SolutionConfigurationPlatforms) = preSolution
		Debug|Any CPU = Debug|Any CPU
		Release|Any CPU = Release|Any CPU
	EndGlobalSection
	GlobalSection(ProjectConfigurationPlatforms) = postSolution
		{742C4D74-0684-4E98-9B90-29FFA316B5CD}.Debug|Any CPU.ActiveCfg = Debug|Any CPU
		{742C4D74-0684-4E98-9B90-29FFA316B5CD}.Debug|Any CPU.Build.0 = Debug|Any CPU
		{742C4D74-0684-4E98-9B90-29FFA316B5CD}.Release|Any CPU.ActiveCfg = Release|Any CPU
		{742C4D74-0684-4E98-9B90-29FFA316B5CD}.Release|Any CPU.Build.0 = Release|Any CPU
	EndGlobalSection
	GlobalSection(SolutionProperties) = preSolution
		HideSolutionNode = FALSE
	EndGlobalSection
	GlobalSection(ExtensibilityGlobals) = postSolution
		SolutionGuid = {2B3C1550-F172-4271-ADD7-C2BAB37C3412}
	EndGlobalSection
EndGlobal
